
Microsoft Visual Studio Solution File, Format Version 12.00
# Visual Studio Version 16
VisualStudioVersion = 16.0.30204.135
MinimumVisualStudioVersion = 10.0.40219.1
Project("{FAE04EC0-301F-11D3-BF4B-00C04F79EFBC}") = "MultiThreadChat2", "MultiThreadChat2\MultiThreadChat2.csproj", "{DD1B0174-DFBA-466F-B92A-4DAAD23C681C}"
EndProject
Project("{FAE04EC0-301F-11D3-BF4B-00C04F79EFBC}") = "ClientApp", "ClientApp\ClientApp.csproj", "{DCC0BC71-44C3-4491-AAA9-39224D805CD4}"
EndProject
Global
	GlobalSection(SolutionConfigurationPlatforms) = preSolution
		Debug|Any CPU = Debug|Any CPU
		Release|Any CPU = Release|Any CPU
	EndGlobalSection
	GlobalSection(ProjectConfigurationPlatforms) = postSolution
		{DD1B0174-DFBA-466F-B92A-4DAAD23C681C}.Debug|Any CPU.ActiveCfg = Debug|Any CPU
		{DD1B0174-DFBA-466F-B92A-4DAAD23C681C}.Debug|Any CPU.Build.0 = Debug|Any CPU
		{DD1B0174-DFBA-466F-B92A-4DAAD23C681C}.Release|Any CPU.ActiveCfg = Release|Any CPU
		{DD1B0174-DFBA-466F-B92A-4DAAD23C681C}.Release|Any CPU.Build.0 = Release|Any CPU
		{DCC0BC71-44C3-4491-AAA9-39224D805CD4}.Debug|Any CPU.ActiveCfg = Debug|Any CPU
		{DCC0BC71-44C3-4491-AAA9-39224D805CD4}.Debug|Any CPU.Build.0 = Debug|Any CPU
		{DCC0BC71-44C3-4491-AAA9-39224D805CD4}.Release|Any CPU.ActiveCfg = Release|Any CPU
		{DCC0BC71-44C3-4491-AAA9-39224D805CD4}.Release|Any CPU.Build.0 = Release|Any CPU
	EndGlobalSection
	GlobalSection(SolutionProperties) = preSolution
		HideSolutionNode = FALSE
	EndGlobalSection
	GlobalSection(ExtensibilityGlobals) = postSolution
		SolutionGuid = {9A6BD84F-7321-4F5A-9ED4-2A8A8597DBC1}
	EndGlobalSection
EndGlobal
